
Microsoft Visual Studio Solution File, Format Version 12.00
# Visual Studio Version 16
VisualStudioVersion = 16.0.30011.22
MinimumVisualStudioVersion = 10.0.40219.1
Project("{FAE04EC0-301F-11D3-BF4B-00C04F79EFBC}") = "Colloscope", "Colloscope\Colloscope.csproj", "{4EBE7D38-1C1B-4E72-AAF6-BCAE8A7A0F9C}"
EndProject
Global
	GlobalSection(SolutionConfigurationPlatforms) = preSolution
		Debug|ARM = Debug|ARM
		Debug|ARM64 = Debug|ARM64
		Debug|x64 = Debug|x64
		Debug|x86 = Debug|x86
		Release|ARM = Release|ARM
		Release|ARM64 = Release|ARM64
		Release|x64 = Release|x64
		Release|x86 = Release|x86
	EndGlobalSection
	GlobalSection(ProjectConfigurationPlatforms) = postSolution
		{4EBE7D38-1C1B-4E72-AAF6-BCAE8A7A0F9C}.Debug|ARM.ActiveCfg = Debug|ARM
		{4EBE7D38-1C1B-4E72-AAF6-BCAE8A7A0F9C}.Debug|ARM.Build.0 = Debug|ARM
		{4EBE7D38-1C1B-4E72-AAF6-BCAE8A7A0F9C}.Debug|ARM.Deploy.0 = Debug|ARM
		{4EBE7D38-1C1B-4E72-AAF6-BCAE8A7A0F9C}.Debug|ARM64.ActiveCfg = Debug|ARM64
		{4EBE7D38-1C1B-4E72-AAF6-BCAE8A7A0F9C}.Debug|ARM64.Build.0 = Debug|ARM64
		{4EBE7D38-1C1B-4E72-AAF6-BCAE8A7A0F9C}.Debug|ARM64.Deploy.0 = Debug|ARM64
		{4EBE7D38-1C1B-4E72-AAF6-BCAE8A7A0F9C}.Debug|x64.ActiveCfg = Debug|x64
		{4EBE7D38-1C1B-4E72-AAF6-BCAE8A7A0F9C}.Debug|x64.Build.0 = Debug|x64
		{4EBE7D38-1C1B-4E72-AAF6-BCAE8A7A0F9C}.Debug|x64.Deploy.0 = Debug|x64
		{4EBE7D38-1C1B-4E72-AAF6-BCAE8A7A0F9C}.Debug|x86.ActiveCfg = Debug|x86
		{4EBE7D38-1C1B-4E72-AAF6-BCAE8A7A0F9C}.Debug|x86.Build.0 = Debug|x86
		{4EBE7D38-1C1B-4E72-AAF6-BCAE8A7A0F9C}.Debug|x86.Deploy.0 = Debug|x86
		{4EBE7D38-1C1B-4E72-AAF6-BCAE8A7A0F9C}.Release|ARM.ActiveCfg = Release|ARM
		{4EBE7D38-1C1B-4E72-AAF6-BCAE8A7A0F9C}.Release|ARM.Build.0 = Release|ARM
		{4EBE7D38-1C1B-4E72-AAF6-BCAE8A7A0F9C}.Release|ARM.Deploy.0 = Release|ARM
		{4EBE7D38-1C1B-4E72-AAF6-BCAE8A7A0F9C}.Release|ARM64.ActiveCfg = Release|ARM64
		{4EBE7D38-1C1B-4E72-AAF6-BCAE8A7A0F9C}.Release|ARM64.Build.0 = Release|ARM64
		{4EBE7D38-1C1B-4E72-AAF6-BCAE8A7A0F9C}.Release|ARM64.Deploy.0 = Release|ARM64
		{4EBE7D38-1C1B-4E72-AAF6-BCAE8A7A0F9C}.Release|x64.ActiveCfg = Release|x64
		{4EBE7D38-1C1B-4E72-AAF6-BCAE8A7A0F9C}.Release|x64.Build.0 = Release|x64
		{4EBE7D38-1C1B-4E72-AAF6-BCAE8A7A0F9C}.Release|x64.Deploy.0 = Release|x64
		{4EBE7D38-1C1B-4E72-AAF6-BCAE8A7A0F9C}.Release|x86.ActiveCfg = Release|x86
		{4EBE7D38-1C1B-4E72-AAF6-BCAE8A7A0F9C}.Release|x86.Build.0 = Release|x86
		{4EBE7D38-1C1B-4E72-AAF6-BCAE8A7A0F9C}.Release|x86.Deploy.0 = Release|x86
	EndGlobalSection
	GlobalSection(SolutionProperties) = preSolution
		HideSolutionNode = FALSE
	EndGlobalSection
	GlobalSection(ExtensibilityGlobals) = postSolution
		SolutionGuid = {EA04DF67-64E8-4744-8E66-5726B87BA68C}
	EndGlobalSection
EndGlobal
